Microsoft Visual Studio Solution File, Format Version 12.00
# Visual Studio 2012
Project("{FAE04EC0-301F-11D3-BF4B-00C04F79EFBC}") = "game_proj_the_second", "game_proj_the_second.csproj", "{A33A781E-32D6-4227-ABE8-65962166B561}"
EndProject
Global
	GlobalSection(SolutionConfigurationPlatforms) = preSolution
	Debug|Any CPU = Debug|Any CPU
	ExportDebug|Any CPU = ExportDebug|Any CPU
	ExportRelease|Any CPU = ExportRelease|Any CPU
	EndGlobalSection
	GlobalSection(ProjectConfigurationPlatforms) = postSolution
		{A33A781E-32D6-4227-ABE8-65962166B561}.Debug|Any CPU.ActiveCfg = Debug|Any CPU
		{A33A781E-32D6-4227-ABE8-65962166B561}.Debug|Any CPU.Build.0 = Debug|Any CPU
		{A33A781E-32D6-4227-ABE8-65962166B561}.ExportDebug|Any CPU.ActiveCfg = ExportDebug|Any CPU
		{A33A781E-32D6-4227-ABE8-65962166B561}.ExportDebug|Any CPU.Build.0 = ExportDebug|Any CPU
		{A33A781E-32D6-4227-ABE8-65962166B561}.ExportRelease|Any CPU.ActiveCfg = ExportRelease|Any CPU
		{A33A781E-32D6-4227-ABE8-65962166B561}.ExportRelease|Any CPU.Build.0 = ExportRelease|Any CPU
	EndGlobalSection
EndGlobal
